
Microsoft Visual Studio Solution File, Format Version 12.00
# Visual Studio 2013
VisualStudioVersion = 12.0.30501.0
MinimumVisualStudioVersion = 10.0.40219.1
Project("{FAE04EC0-301F-11D3-BF4B-00C04F79EFBC}") = "Messenger.WebApi", "src\Messenger.WebApi\Messenger.WebApi.csproj", "{543CA172-4333-4929-9575-491831141B0B}"
EndProject
Project("{FAE04EC0-301F-11D3-BF4B-00C04F79EFBC}") = "Messenger.Service.Host", "src\Messenger.Service.Host\Messenger.Service.Host.csproj", "{DA505DB7-E5EE-4F6C-B7A6-EAD796D10E30}"
EndProject
Project("{FAE04EC0-301F-11D3-BF4B-00C04F79EFBC}") = "Messenger", "src\Messenger\Messenger.csproj", "{6AF5E653-DAE6-4D93-83C6-094F3699732C}"
EndProject
Project("{2150E333-8FDC-42A3-9474-1A3956D46DE8}") = "src", "src", "{D379F961-DF28-4599-9694-26909931569B}"
EndProject
Project("{2150E333-8FDC-42A3-9474-1A3956D46DE8}") = "tests", "tests", "{EB3CE68B-26A2-4CE4-ADBB-130EDFC2EAF3}"
EndProject
Project("{FAE04EC0-301F-11D3-BF4B-00C04F79EFBC}") = "Messenger.WebApi.Tests", "tests\Messenger.WebApi.Tests\Messenger.WebApi.Tests.csproj", "{4E6F2939-0817-44B6-BB0C-A03A3320104E}"
EndProject
Global
	GlobalSection(SolutionConfigurationPlatforms) = preSolution
		Debug|Any CPU = Debug|Any CPU
		Release|Any CPU = Release|Any CPU
	EndGlobalSection
	GlobalSection(ProjectConfigurationPlatforms) = postSolution
		{543CA172-4333-4929-9575-491831141B0B}.Debug|Any CPU.ActiveCfg = Debug|Any CPU
		{543CA172-4333-4929-9575-491831141B0B}.Debug|Any CPU.Build.0 = Debug|Any CPU
		{543CA172-4333-4929-9575-491831141B0B}.Release|Any CPU.ActiveCfg = Release|Any CPU
		{543CA172-4333-4929-9575-491831141B0B}.Release|Any CPU.Build.0 = Release|Any CPU
		{DA505DB7-E5EE-4F6C-B7A6-EAD796D10E30}.Debug|Any CPU.ActiveCfg = Debug|Any CPU
		{DA505DB7-E5EE-4F6C-B7A6-EAD796D10E30}.Debug|Any CPU.Build.0 = Debug|Any CPU
		{DA505DB7-E5EE-4F6C-B7A6-EAD796D10E30}.Release|Any CPU.ActiveCfg = Release|Any CPU
		{DA505DB7-E5EE-4F6C-B7A6-EAD796D10E30}.Release|Any CPU.Build.0 = Release|Any CPU
		{6AF5E653-DAE6-4D93-83C6-094F3699732C}.Debug|Any CPU.ActiveCfg = Debug|Any CPU
		{6AF5E653-DAE6-4D93-83C6-094F3699732C}.Debug|Any CPU.Build.0 = Debug|Any CPU
		{6AF5E653-DAE6-4D93-83C6-094F3699732C}.Release|Any CPU.ActiveCfg = Release|Any CPU
		{6AF5E653-DAE6-4D93-83C6-094F3699732C}.Release|Any CPU.Build.0 = Release|Any CPU
		{4E6F2939-0817-44B6-BB0C-A03A3320104E}.Debug|Any CPU.ActiveCfg = Debug|Any CPU
		{4E6F2939-0817-44B6-BB0C-A03A3320104E}.Debug|Any CPU.Build.0 = Debug|Any CPU
		{4E6F2939-0817-44B6-BB0C-A03A3320104E}.Release|Any CPU.ActiveCfg = Release|Any CPU
		{4E6F2939-0817-44B6-BB0C-A03A3320104E}.Release|Any CPU.Build.0 = Release|Any CPU
	EndGlobalSection
	GlobalSection(SolutionProperties) = preSolution
		HideSolutionNode = FALSE
	EndGlobalSection
	GlobalSection(NestedProjects) = preSolution
		{543CA172-4333-4929-9575-491831141B0B} = {D379F961-DF28-4599-9694-26909931569B}
		{DA505DB7-E5EE-4F6C-B7A6-EAD796D10E30} = {D379F961-DF28-4599-9694-26909931569B}
		{6AF5E653-DAE6-4D93-83C6-094F3699732C} = {D379F961-DF28-4599-9694-26909931569B}
		{4E6F2939-0817-44B6-BB0C-A03A3320104E} = {EB3CE68B-26A2-4CE4-ADBB-130EDFC2EAF3}
	EndGlobalSection
EndGlobal
